// !$*UTF8*$!
{
	archiveVersion = 1;
	classes = {
	};
	objectVersion = 77;
	objects = {

/* Begin PBXBuildFile section */
		0B5325574CE4E2973C2EDAC3 /* commit-msg.sample in Resources */ = {isa = PBXBuildFile; fileRef = 7CA025503120B7D560ADEAB8 /* commit-msg.sample */; };
		147D274BC6854B284114A7DD /* sendemail-validate.sample in Resources */ = {isa = PBXBuildFile; fileRef = 914322FD262423FADBE41DAA /* sendemail-validate.sample */; };
		1B8850B8E8B53F3D04FD98DD /* pre-receive.sample in Resources */ = {isa = PBXBuildFile; fileRef = B9B27077C6F35EC28DD9FA8A /* pre-receive.sample */; };
		1D7CCED886A5701556B5E7E1 /* applypatch-msg.sample in Resources */ = {isa = PBXBuildFile; fileRef = 864A54A24BB287DDCDEAFCA9 /* applypatch-msg.sample */; };
		2475DB13CD30849BFC73A1F8 /* CadenceApp.swift in Sources */ = {isa = PBXBuildFile; fileRef = E2D3B367B511252D75B1DDC1 /* CadenceApp.swift */; };
		3F68D866C2FB352928F202FD /* Session.swift in Sources */ = {isa = PBXBuildFile; fileRef = B7BD3F57CF5B1F7BA97397DF /* Session.swift */; };
		3FDB8E5C1DA4BD05234B5387 /* pre-merge-commit.sample in Resources */ = {isa = PBXBuildFile; fileRef = 510912CEF36E6A2138BDAC30 /* pre-merge-commit.sample */; };
		45AEF289B8435D45E1F6AEE2 /* TimerRingView.swift in Sources */ = {isa = PBXBuildFile; fileRef = E5C1D1E0AC922AFBD3B1A932 /* TimerRingView.swift */; };
		4D504EE7448BD02893F63169 /* pre-rebase.sample in Resources */ = {isa = PBXBuildFile; fileRef = 3D8B58A045B57739A4132D93 /* pre-rebase.sample */; };
		534CC3AA3E02A6ECB4A0736F /* TimerEngine.swift in Sources */ = {isa = PBXBuildFile; fileRef = E731B9DE1A18FBE095B668F5 /* TimerEngine.swift */; };
		5CF6538E0B9CA91F900E2D38 /* ModeTabsView.swift in Sources */ = {isa = PBXBuildFile; fileRef = 74874D03F19EC7A003B89AAE /* ModeTabsView.swift */; };
		7EC07B5052D2D733265ECCC0 /* PopoverView.swift in Sources */ = {isa = PBXBuildFile; fileRef = 40F7AA4F6B1974D34A20C669 /* PopoverView.swift */; };
		8EA3E50C8B9A32440E095D9C /* Localizable.strings in Resources */ = {isa = PBXBuildFile; fileRef = 1C2527191957E2BE6B8DC3A8 /* Localizable.strings */; };
		A6FF84D8B56C767EE8C394B6 /* pre-applypatch.sample in Resources */ = {isa = PBXBuildFile; fileRef = 4B903792951CBF51E3D4D234 /* pre-applypatch.sample */; };
		B676160D7C8E8A69988F65E5 /* push-to-checkout.sample in Resources */ = {isa = PBXBuildFile; fileRef = 6EB1B07F8A0935ACD8A0076C /* push-to-checkout.sample */; };
		BDA19FE725E768D70F730DC9 /* DayStore.swift in Sources */ = {isa = PBXBuildFile; fileRef = 262C3BD5D70741E77DF213B3 /* DayStore.swift */; };
		C302A991ABFA43364A8F8E96 /* prepare-commit-msg.sample in Resources */ = {isa = PBXBuildFile; fileRef = 3C45CF9B0CEC691F7E34CDF7 /* prepare-commit-msg.sample */; };
		CF653B5E7830B475663203F5 /* update.sample in Resources */ = {isa = PBXBuildFile; fileRef = A0ED9FEDF7F8ECFC06590339 /* update.sample */; };
		D944F47BFEF15AE51FF2BCE4 /* SessionViewModel.swift in Sources */ = {isa = PBXBuildFile; fileRef = 82510B707DF48095C3335E4A /* SessionViewModel.swift */; };
		E035AABD91B816C4C7342E19 /* fsmonitor-watchman.sample in Resources */ = {isa = PBXBuildFile; fileRef = F1E7CC49F1DB62993602AC34 /* fsmonitor-watchman.sample */; };
		E1FCF86EBAF4FE79F1231FDE /* pre-commit.sample in Resources */ = {isa = PBXBuildFile; fileRef = 7293A6621A447673AC6EDECD /* pre-commit.sample */; };
		E2ED4E8916E5ECD3246DEE38 /* pre-push.sample in Resources */ = {isa = PBXBuildFile; fileRef = 40345AB9478A71CB05C6A292 /* pre-push.sample */; };
		E3985129D7164885131F3690 /* AppDelegate.swift in Sources */ = {isa = PBXBuildFile; fileRef = E7A6F1157E0F7361C1F3BCCB /* AppDelegate.swift */; };
		E49943CD736F2931BB5339B2 /* post-update.sample in Resources */ = {isa = PBXBuildFile; fileRef = 72B6516F46225FEA6AEAC0DE /* post-update.sample */; };
		E664395FB7B40DC64707E18F /* SessionMode.swift in Sources */ = {isa = PBXBuildFile; fileRef = C59E9BE5100300D5DCDCEDFD /* SessionMode.swift */; };
/* End PBXBuildFile section */

/* Begin PBXFileReference section */
		007ABFBC0783F20545D2440C /* 9d88459fed58305528237da384f5695b252de6 */ = {isa = PBXFileReference; path = 9d88459fed58305528237da384f5695b252de6; sourceTree = "<group>"; };
		0208F1B1FD1F0B06A26D16A9 /* 2d8c913044b7b3a762889cca57452fa61be338 */ = {isa = PBXFileReference; path = 2d8c913044b7b3a762889cca57452fa61be338; sourceTree = "<group>"; };
		0610F45F7F85469333E4F9AD /* main */ = {isa = PBXFileReference; path = main; sourceTree = "<group>"; };
		0C49919AFB6B1A985A9555E9 /* f5bb60dd521b5667ea0c09386e998f125c06d8 */ = {isa = PBXFileReference; path = f5bb60dd521b5667ea0c09386e998f125c06d8; sourceTree = "<group>"; };
		0EC1BF28C9FB0F8B4BA4D53B /* c25528da9e35f32f7fa1f23c4553831cec9b72 */ = {isa = PBXFileReference; path = c25528da9e35f32f7fa1f23c4553831cec9b72; sourceTree = "<group>"; };
		1178F6A47E653928C267B3AA /* 3af487379743fac55d0a6ad324683c333f768c */ = {isa = PBXFileReference; path = 3af487379743fac55d0a6ad324683c333f768c; sourceTree = "<group>"; };
		12B6A59C8F10111D0FF50B3F /* 4260e9fa1ad865f9d9fa483e92f21df72ba1d8 */ = {isa = PBXFileReference; path = 4260e9fa1ad865f9d9fa483e92f21df72ba1d8; sourceTree = "<group>"; };
		14D82BAE8EE573E66735A7AF /* main */ = {isa = PBXFileReference; path = main; sourceTree = "<group>"; };
		17AD96E9222A97739358602D /* 7cbe56fb8af5c8ee314c13d00d27917b21cf34 */ = {isa = PBXFileReference; path = 7cbe56fb8af5c8ee314c13d00d27917b21cf34; sourceTree = "<group>"; };
		18BE45879482431AD42A2BF8 /* ed5b89bcb94a437393e6655c964155376a34e8 */ = {isa = PBXFileReference; path = ed5b89bcb94a437393e6655c964155376a34e8; sourceTree = "<group>"; };
		199BA24D32B3A836B8E08E65 /* 882f781a5fd4e635b2f6ecd7c487c4d65dd676 */ = {isa = PBXFileReference; path = 882f781a5fd4e635b2f6ecd7c487c4d65dd676; sourceTree = "<group>"; };
		1A07ED0B0ECB69D73619B135 /* 5f3de620cf16e0b2d4926ff8e98e84cc29d233 */ = {isa = PBXFileReference; path = 5f3de620cf16e0b2d4926ff8e98e84cc29d233; sourceTree = "<group>"; };
		1A9377D8C57B704A17F56588 /* 8a2d0a3c597618aaff3a27451bf78c197f0731 */ = {isa = PBXFileReference; path = 8a2d0a3c597618aaff3a27451bf78c197f0731; sourceTree = "<group>"; };
		1B22904B1E8A057150A1BC2E /* a2d0ed08babed14453a5a1df8770f07045e90a */ = {isa = PBXFileReference; path = a2d0ed08babed14453a5a1df8770f07045e90a; sourceTree = "<group>"; };
		1C0C6E39CB53895985E02A3A /* df88d49f2477603ab34b386734bb686597c5a0 */ = {isa = PBXFileReference; path = df88d49f2477603ab34b386734bb686597c5a0; sourceTree = "<group>"; };
		24BEBEED47B5350BC997A48D /* HEAD */ = {isa = PBXFileReference; path = HEAD; sourceTree = "<group>"; };
		262C3BD5D70741E77DF213B3 /* DayStore.swift */ = {isa = PBXFileReference; lastKnownFileType = sourcecode.swift; path = DayStore.swift; sourceTree = "<group>"; };
		2747B5C0BD75EFECA1D2569B /* Cadence.app */ = {isa = PBXFileReference; explicitFileType = wrapper.application; includeInIndex = 0; path = Cadence.app; sourceTree = BUILT_PRODUCTS_DIR; };
		2E2A656B143D73C87A3FF15C /* 94a3bd0b14d0fd5f204d3be98b0df5986aad16 */ = {isa = PBXFileReference; path = 94a3bd0b14d0fd5f204d3be98b0df5986aad16; sourceTree = "<group>"; };
		2F3351CE024ABB97EC82C7D8 /* f5406f4b7104b61c6ad686a3943d3980533fd8 */ = {isa = PBXFileReference; path = f5406f4b7104b61c6ad686a3943d3980533fd8; sourceTree = "<group>"; };
		327E7819106F4B19DC60CDA3 /* 0152bb9e74fe76ceaf5f7ae51e64602de8d3cd */ = {isa = PBXFileReference; path = 0152bb9e74fe76ceaf5f7ae51e64602de8d3cd; sourceTree = "<group>"; };
		34EA6B250670950C7F9982C9 /* a6d35f773b9394273ecc649f3b83548d23aa7c */ = {isa = PBXFileReference; path = a6d35f773b9394273ecc649f3b83548d23aa7c; sourceTree = "<group>"; };
		37E7E17968F8C5556C279E72 /* f6615dd6cdc95d0ea85448cd20f0fa3d1d55fa */ = {isa = PBXFileReference; path = f6615dd6cdc95d0ea85448cd20f0fa3d1d55fa; sourceTree = "<group>"; };
		3954F77E4315ED03E8830EFD /* db87899dccf2a4eebf7194fd2776a15670cd89 */ = {isa = PBXFileReference; path = db87899dccf2a4eebf7194fd2776a15670cd89; sourceTree = "<group>"; };
		3C45CF9B0CEC691F7E34CDF7 /* prepare-commit-msg.sample */ = {isa = PBXFileReference; path = "prepare-commit-msg.sample"; sourceTree = "<group>"; };
		3D8B58A045B57739A4132D93 /* pre-rebase.sample */ = {isa = PBXFileReference; path = "pre-rebase.sample"; sourceTree = "<group>"; };
		3FF404F0341B4FDFDD69AA5A /* b7157ed37557a2aed6df5ee6d2fce64c24b861 */ = {isa = PBXFileReference; path = b7157ed37557a2aed6df5ee6d2fce64c24b861; sourceTree = "<group>"; };
		40345AB9478A71CB05C6A292 /* pre-push.sample */ = {isa = PBXFileReference; path = "pre-push.sample"; sourceTree = "<group>"; };
		40F7AA4F6B1974D34A20C669 /* PopoverView.swift */ = {isa = PBXFileReference; lastKnownFileType = sourcecode.swift; path = PopoverView.swift; sourceTree = "<group>"; };
		41AB1948D5C303E4C72317E9 /* COMMIT_EDITMSG */ = {isa = PBXFileReference; path = COMMIT_EDITMSG; sourceTree = "<group>"; };
		45D53F82D185630E8CE20134 /* c5fd0c553407cad0d3289ed8403e7c2bea4e55 */ = {isa = PBXFileReference; path = c5fd0c553407cad0d3289ed8403e7c2bea4e55; sourceTree = "<group>"; };
		4752D3C4A3BEED2AE1FAF557 /* c40869b39aa3990efc7af2134e47e2eaceb1e4 */ = {isa = PBXFileReference; path = c40869b39aa3990efc7af2134e47e2eaceb1e4; sourceTree = "<group>"; };
		4901DAB8C2B90D60B4B74B30 /* 718dcce93718ce3bb7b56660537bbb5ab2b02c */ = {isa = PBXFileReference; path = 718dcce93718ce3bb7b56660537bbb5ab2b02c; sourceTree = "<group>"; };
		4B903792951CBF51E3D4D234 /* pre-applypatch.sample */ = {isa = PBXFileReference; path = "pre-applypatch.sample"; sourceTree = "<group>"; };
		510912CEF36E6A2138BDAC30 /* pre-merge-commit.sample */ = {isa = PBXFileReference; path = "pre-merge-commit.sample"; sourceTree = "<group>"; };
		52500988E320BD277F75AE26 /* 28bc00e6dbc885dc9c7f6e0f128c59118de54e */ = {isa = PBXFileReference; path = 28bc00e6dbc885dc9c7f6e0f128c59118de54e; sourceTree = "<group>"; };
		5547110006E375EE0647C6B3 /* description */ = {isa = PBXFileReference; path = description; sourceTree = "<group>"; };
		59B03E49303A06B3CFCB9590 /* 6d30fafcf1e7748adedbdddb0433b430d647a5 */ = {isa = PBXFileReference; path = 6d30fafcf1e7748adedbdddb0433b430d647a5; sourceTree = "<group>"; };
		5CA756BEF7FEB912CE7AF260 /* main */ = {isa = PBXFileReference; path = main; sourceTree = "<group>"; };
		5CC5C14B361FA1AABFF96F81 /* 0c0f7ee78cb1e949ff8588882eaf83d29822d6 */ = {isa = PBXFileReference; path = 0c0f7ee78cb1e949ff8588882eaf83d29822d6; sourceTree = "<group>"; };
		616AF57A8A45DFB5D29733B0 /* e0770424b2a19faf507a501ebfc23be8f54e7b */ = {isa = PBXFileReference; path = e0770424b2a19faf507a501ebfc23be8f54e7b; sourceTree = "<group>"; };
		6179C1DBBC6402AF8D824202 /* 13e7546f8ba05f82a8979d01c7485a76583aca */ = {isa = PBXFileReference; path = 13e7546f8ba05f82a8979d01c7485a76583aca; sourceTree = "<group>"; };
		62850D436CBEBE785F2C3C32 /* 8d81296cd99df94e833896a3471a91f370c4e9 */ = {isa = PBXFileReference; path = 8d81296cd99df94e833896a3471a91f370c4e9; sourceTree = "<group>"; };
		65C98BB03026E738A18E8D75 /* HEAD */ = {isa = PBXFileReference; path = HEAD; sourceTree = "<group>"; };
		668FD13920832E0EBB726C55 /* .gitattributes */ = {isa = PBXFileReference; path = .gitattributes; sourceTree = "<group>"; };
		67C2E90D30C8D0B54830E03A /* 7a8b796ec71462042b949bdbe4162f074c0c2b */ = {isa = PBXFileReference; path = 7a8b796ec71462042b949bdbe4162f074c0c2b; sourceTree = "<group>"; };
		6A337584EBAB7FDB884BEF00 /* es */ = {isa = PBXFileReference; lastKnownFileType = text.plist.strings; name = es; path = es.lproj/Localizable.strings; sourceTree = "<group>"; };
		6BD62D1707C943044C651912 /* 9434a6254f0e9651f402737811be6634a03e9c */ = {isa = PBXFileReference; path = 9434a6254f0e9651f402737811be6634a03e9c; sourceTree = "<group>"; };
		6EB1B07F8A0935ACD8A0076C /* push-to-checkout.sample */ = {isa = PBXFileReference; path = "push-to-checkout.sample"; sourceTree = "<group>"; };
		7293A6621A447673AC6EDECD /* pre-commit.sample */ = {isa = PBXFileReference; path = "pre-commit.sample"; sourceTree = "<group>"; };
		72B6516F46225FEA6AEAC0DE /* post-update.sample */ = {isa = PBXFileReference; path = "post-update.sample"; sourceTree = "<group>"; };
		73CDF29300ACC0E6F9E455CF /* f15c40616d8b018e2fc26ed4bcc691dbfe752e */ = {isa = PBXFileReference; path = f15c40616d8b018e2fc26ed4bcc691dbfe752e; sourceTree = "<group>"; };
		74874D03F19EC7A003B89AAE /* ModeTabsView.swift */ = {isa = PBXFileReference; lastKnownFileType = sourcecode.swift; path = ModeTabsView.swift; sourceTree = "<group>"; };
		754597631B492C45F9C407AE /* config */ = {isa = PBXFileReference; path = config; sourceTree = "<group>"; };
		775F074F1E60D9FCE24611AE /* daf2677b84785723fa4a3ca5451bb0a5b31d0d */ = {isa = PBXFileReference; path = daf2677b84785723fa4a3ca5451bb0a5b31d0d; sourceTree = "<group>"; };
		7CA025503120B7D560ADEAB8 /* commit-msg.sample */ = {isa = PBXFileReference; path = "commit-msg.sample"; sourceTree = "<group>"; };
		7EDF7CF65ED8A3454E5A99A1 /* FETCH_HEAD */ = {isa = PBXFileReference; path = FETCH_HEAD; sourceTree = "<group>"; };
		7FFC99570968EAC7413A6A03 /* 78ea62c8af4e5f5591ab486a97f21032327400 */ = {isa = PBXFileReference; path = 78ea62c8af4e5f5591ab486a97f21032327400; sourceTree = "<group>"; };
		82510B707DF48095C3335E4A /* SessionViewModel.swift */ = {isa = PBXFileReference; lastKnownFileType = sourcecode.swift; path = SessionViewModel.swift; sourceTree = "<group>"; };
		826DA8B500CD25678CE8F0EB /* 7cca1baa223e96fd128aa12e766a03d2386701 */ = {isa = PBXFileReference; path = 7cca1baa223e96fd128aa12e766a03d2386701; sourceTree = "<group>"; };
		85F37D0760D37CC320B8887B /* HEAD */ = {isa = PBXFileReference; path = HEAD; sourceTree = "<group>"; };
		864A54A24BB287DDCDEAFCA9 /* applypatch-msg.sample */ = {isa = PBXFileReference; path = "applypatch-msg.sample"; sourceTree = "<group>"; };
		8BA0E9EB901FA0525CBF3260 /* b3d0f9acd1023835375f98880d3ed046ff5e5b */ = {isa = PBXFileReference; path = b3d0f9acd1023835375f98880d3ed046ff5e5b; sourceTree = "<group>"; };
		914322FD262423FADBE41DAA /* sendemail-validate.sample */ = {isa = PBXFileReference; path = "sendemail-validate.sample"; sourceTree = "<group>"; };
		9632F41F9DD5F4DDCEE80E9C /* 49cf0c33b2b61395dee360b4cae0575ecc6ab7 */ = {isa = PBXFileReference; path = 49cf0c33b2b61395dee360b4cae0575ecc6ab7; sourceTree = "<group>"; };
		9B8E84C82F0491895EBAAB1F /* d62476a8955d7c20160b23fcd87e53cf6826c5 */ = {isa = PBXFileReference; path = d62476a8955d7c20160b23fcd87e53cf6826c5; sourceTree = "<group>"; };
		9BBE5481C8946FF4C2791E0E /* d9853314623e21bea788f244fb99a0bc8a3b77 */ = {isa = PBXFileReference; path = d9853314623e21bea788f244fb99a0bc8a3b77; sourceTree = "<group>"; };
		9D8A43A7185CCCE7BFE3B219 /* ed2523ef8b82103ed07db71ca15b00e6c6c2a3 */ = {isa = PBXFileReference; path = ed2523ef8b82103ed07db71ca15b00e6c6c2a3; sourceTree = "<group>"; };
		A0ED9FEDF7F8ECFC06590339 /* update.sample */ = {isa = PBXFileReference; path = update.sample; sourceTree = "<group>"; };
		AB8AC4464AAE2FA1228D68AF /* e3467f1fe37897208927ce8cbb45c5609ba5b5 */ = {isa = PBXFileReference; path = e3467f1fe37897208927ce8cbb45c5609ba5b5; sourceTree = "<group>"; };
		AC208436BFF4194786F8296E /* c19cc17a1d6452956495c8f392c3673f08a9eb */ = {isa = PBXFileReference; path = c19cc17a1d6452956495c8f392c3673f08a9eb; sourceTree = "<group>"; };
		AE64354A244BDA77C68DE507 /* 17ada8ebd06060e2b165a9b550afcfe93b2413 */ = {isa = PBXFileReference; path = 17ada8ebd06060e2b165a9b550afcfe93b2413; sourceTree = "<group>"; };
		AE8EFC70B9D8517D12B8709A /* main */ = {isa = PBXFileReference; path = main; sourceTree = "<group>"; };
		AFEFD7A97405DF894C21C042 /* d289c7180db9aeec49e6bdf261e0daabe8b528 */ = {isa = PBXFileReference; path = d289c7180db9aeec49e6bdf261e0daabe8b528; sourceTree = "<group>"; };
		B5862D34841435FB780B39DA /* 2d809d09ff2dd6a932c96e2dc168fa705b769a */ = {isa = PBXFileReference; path = 2d809d09ff2dd6a932c96e2dc168fa705b769a; sourceTree = "<group>"; };
		B7152844D6739D651445F2A5 /* 969fd97273cdfe7c5f0b6b5e29017a0d2ff44d */ = {isa = PBXFileReference; path = 969fd97273cdfe7c5f0b6b5e29017a0d2ff44d; sourceTree = "<group>"; };
		B7BD3F57CF5B1F7BA97397DF /* Session.swift */ = {isa = PBXFileReference; lastKnownFileType = sourcecode.swift; path = Session.swift; sourceTree = "<group>"; };
		B9B27077C6F35EC28DD9FA8A /* pre-receive.sample */ = {isa = PBXFileReference; path = "pre-receive.sample"; sourceTree = "<group>"; };
		BDA3C8409836EF5CCCB34E29 /* index */ = {isa = PBXFileReference; path = index; sourceTree = "<group>"; };
		C52EB66D3CA63A8C7752832D /* 8331aca375f20bd189427fe0d33161a43dd0bb */ = {isa = PBXFileReference; path = 8331aca375f20bd189427fe0d33161a43dd0bb; sourceTree = "<group>"; };
		C59E9BE5100300D5DCDCEDFD /* SessionMode.swift */ = {isa = PBXFileReference; lastKnownFileType = sourcecode.swift; path = SessionMode.swift; sourceTree = "<group>"; };
		C66C1DE30C21E9B0BEC668C6 /* d00cda8f40aba7cbe8c6f5ed4f4a474d0f4553 */ = {isa = PBXFileReference; path = d00cda8f40aba7cbe8c6f5ed4f4a474d0f4553; sourceTree = "<group>"; };
		CDD1A2A9BEEAD11CB07EBCAE /* 63dbb6fe6f89f760708505833a33c97bff87f7 */ = {isa = PBXFileReference; path = 63dbb6fe6f89f760708505833a33c97bff87f7; sourceTree = "<group>"; };
		CF934438E2666E7BB04B24F0 /* 6ded76effee83dc53a2a62bb5b1999e27af41b */ = {isa = PBXFileReference; path = 6ded76effee83dc53a2a62bb5b1999e27af41b; sourceTree = "<group>"; };
		D07232FEFB7C397FD9AF3725 /* 72cd1f5f51dc17b910ab4c2051f7e489c1b18c */ = {isa = PBXFileReference; path = 72cd1f5f51dc17b910ab4c2051f7e489c1b18c; sourceTree = "<group>"; };
		D3FC0215C74E586721AB6B10 /* c577ef51a50e2966a211278600165c1de43dad */ = {isa = PBXFileReference; path = c577ef51a50e2966a211278600165c1de43dad; sourceTree = "<group>"; };
		D4C11367A44F775E691C41B0 /* 4102d8f068e153f10290ad64d7556d0fc68807 */ = {isa = PBXFileReference; path = 4102d8f068e153f10290ad64d7556d0fc68807; sourceTree = "<group>"; };
		D56815549B3F7794667CA223 /* en */ = {isa = PBXFileReference; lastKnownFileType = text.plist.strings; name = en; path = en.lproj/Localizable.strings; sourceTree = "<group>"; };
		D83614E828EABBDF65B5D81D /* e7efff5a5de5e69539764e01b89495f834cbe4 */ = {isa = PBXFileReference; path = e7efff5a5de5e69539764e01b89495f834cbe4; sourceTree = "<group>"; };
		DA11D3B5F85CE5939B712C7F /* HEAD */ = {isa = PBXFileReference; path = HEAD; sourceTree = "<group>"; };
		E16D041DE98E608E066422EB /* 1722a1cb514d137ececaf1104816f809d171fb */ = {isa = PBXFileReference; path = 1722a1cb514d137ececaf1104816f809d171fb; sourceTree = "<group>"; };
		E2D3B367B511252D75B1DDC1 /* CadenceApp.swift */ = {isa = PBXFileReference; lastKnownFileType = sourcecode.swift; path = CadenceApp.swift; sourceTree = "<group>"; };
		E3E9DFEE2B72CDC53C79AB5D /* 76b5216701e609311240472bef10d1460c281c */ = {isa = PBXFileReference; path = 76b5216701e609311240472bef10d1460c281c; sourceTree = "<group>"; };
		E4BF1C1BE66FCC4950BED510 /* 763db8b589ccf82d1eccb7227d5ebac78a24be */ = {isa = PBXFileReference; path = 763db8b589ccf82d1eccb7227d5ebac78a24be; sourceTree = "<group>"; };
		E4F0D54CCE5C1D570FF62CD6 /* 15aaf031fc4af1eecac407b50e1c325b2f2fe4 */ = {isa = PBXFileReference; path = 15aaf031fc4af1eecac407b50e1c325b2f2fe4; sourceTree = "<group>"; };
		E5C1D1E0AC922AFBD3B1A932 /* TimerRingView.swift */ = {isa = PBXFileReference; lastKnownFileType = sourcecode.swift; path = TimerRingView.swift; sourceTree = "<group>"; };
		E731B9DE1A18FBE095B668F5 /* TimerEngine.swift */ = {isa = PBXFileReference; lastKnownFileType = sourcecode.swift; path = TimerEngine.swift; sourceTree = "<group>"; };
		E7A6F1157E0F7361C1F3BCCB /* AppDelegate.swift */ = {isa = PBXFileReference; lastKnownFileType = sourcecode.swift; path = AppDelegate.swift; sourceTree = "<group>"; };
		EE986C34FF007340B3EF5262 /* 744fe22c879ba3841baccab9f5ebe13f4ddd73 */ = {isa = PBXFileReference; path = 744fe22c879ba3841baccab9f5ebe13f4ddd73; sourceTree = "<group>"; };
		F1E7CC49F1DB62993602AC34 /* fsmonitor-watchman.sample */ = {isa = PBXFileReference; path = "fsmonitor-watchman.sample"; sourceTree = "<group>"; };
		F72B6FD8F03041BE48035348 /* exclude */ = {isa = PBXFileReference; path = exclude; sourceTree = "<group>"; };
		F9F8796E9548B9C9F2E255D6 /* a1bfb8147ebc60ea8da36a80a1739962a1a640 */ = {isa = PBXFileReference; path = a1bfb8147ebc60ea8da36a80a1739962a1a640; sourceTree = "<group>"; };
		FCDEB0DC50A252CCD659F83D /* config */ = {isa = PBXFileReference; path = config; sourceTree = "<group>"; };
/* End PBXFileReference section */

/* Begin PBXGroup section */
		0158F5072A0C7FF024F3DC24 /* 24 */ = {
			isa = PBXGroup;
			children = (
				9BBE5481C8946FF4C2791E0E /* d9853314623e21bea788f244fb99a0bc8a3b77 */,
			);
			path = 24;
			sourceTree = "<group>";
		};
		039EE9C88F6D29C7AEAAB3A9 /* 21 */ = {
			isa = PBXGroup;
			children = (
				3FF404F0341B4FDFDD69AA5A /* b7157ed37557a2aed6df5ee6d2fce64c24b861 */,
			);
			path = 21;
			sourceTree = "<group>";
		};
		0F17189B85C4C9B170466BB0 /* 0e */ = {
			isa = PBXGroup;
			children = (
				D83614E828EABBDF65B5D81D /* e7efff5a5de5e69539764e01b89495f834cbe4 */,
			);
			path = 0e;
			sourceTree = "<group>";
		};
		0FDAE9B551F17E0D55CCDCFD /* cd */ = {
			isa = PBXGroup;
			children = (
				1C0C6E39CB53895985E02A3A /* df88d49f2477603ab34b386734bb686597c5a0 */,
			);
			path = cd;
			sourceTree = "<group>";
		};
		11029AA4A31CE7ABDCD2DDF5 /* 68 */ = {
			isa = PBXGroup;
			children = (
				0EC1BF28C9FB0F8B4BA4D53B /* c25528da9e35f32f7fa1f23c4553831cec9b72 */,
			);
			path = 68;
			sourceTree = "<group>";
		};
		21BCC67754C2EC6BFDA183B6 /* 15 */ = {
			isa = PBXGroup;
			children = (
				18BE45879482431AD42A2BF8 /* ed5b89bcb94a437393e6655c964155376a34e8 */,
			);
			path = 15;
			sourceTree = "<group>";
		};
		22713CD81D0654D54117D1E2 /* c8 */ = {
			isa = PBXGroup;
			children = (
				45D53F82D185630E8CE20134 /* c5fd0c553407cad0d3289ed8403e7c2bea4e55 */,
			);
			path = c8;
			sourceTree = "<group>";
		};
		3163CDBA5277ADA6A6D7E3B3 /* 52 */ = {
			isa = PBXGroup;
			children = (
				1A9377D8C57B704A17F56588 /* 8a2d0a3c597618aaff3a27451bf78c197f0731 */,
			);
			path = 52;
			sourceTree = "<group>";
		};
		32EE4AD6BFCD2EEAF5163A50 /* info */ = {
			isa = PBXGroup;
			children = (
				F72B6FD8F03041BE48035348 /* exclude */,
			);
			path = info;
			sourceTree = "<group>";
		};
		37AF9AF278D41EEEB015D9AA /* 20 */ = {
			isa = PBXGroup;
			children = (
				1B22904B1E8A057150A1BC2E /* a2d0ed08babed14453a5a1df8770f07045e90a */,
			);
			path = 20;
			sourceTree = "<group>";
		};
		3ECD46C3969149D61077D637 /* heads */ = {
			isa = PBXGroup;
			children = (
				14D82BAE8EE573E66735A7AF /* main */,
			);
			path = heads;
			sourceTree = "<group>";
		};
		434B0E983721666AFC0C8020 /* 75 */ = {
			isa = PBXGroup;
			children = (
				5CC5C14B361FA1AABFF96F81 /* 0c0f7ee78cb1e949ff8588882eaf83d29822d6 */,
				6179C1DBBC6402AF8D824202 /* 13e7546f8ba05f82a8979d01c7485a76583aca */,
				CDD1A2A9BEEAD11CB07EBCAE /* 63dbb6fe6f89f760708505833a33c97bff87f7 */,
			);
			path = 75;
			sourceTree = "<group>";
		};
		4A194E328638F79FAEEE2EE2 /* f3 */ = {
			isa = PBXGroup;
			children = (
				CF934438E2666E7BB04B24F0 /* 6ded76effee83dc53a2a62bb5b1999e27af41b */,
			);
			path = f3;
			sourceTree = "<group>";
		};
		4DCF0AE8ACD9EA92FF7134F3 /* 8e */ = {
			isa = PBXGroup;
			children = (
				0C49919AFB6B1A985A9555E9 /* f5bb60dd521b5667ea0c09386e998f125c06d8 */,
			);
			path = 8e;
			sourceTree = "<group>";
		};
		52130F6734CFFC6D08201D28 /* bc */ = {
			isa = PBXGroup;
			children = (
				8BA0E9EB901FA0525CBF3260 /* b3d0f9acd1023835375f98880d3ed046ff5e5b */,
			);
			path = bc;
			sourceTree = "<group>";
		};
		55A52ED615F10431868563C1 /* d3 */ = {
			isa = PBXGroup;
			children = (
				9632F41F9DD5F4DDCEE80E9C /* 49cf0c33b2b61395dee360b4cae0575ecc6ab7 */,
			);
			path = d3;
			sourceTree = "<group>";
		};
		59C9447C1E80D8C9AC466C3D /* 5b */ = {
			isa = PBXGroup;
			children = (
				34EA6B250670950C7F9982C9 /* a6d35f773b9394273ecc649f3b83548d23aa7c */,
			);
			path = 5b;
			sourceTree = "<group>";
		};
		5B2B20DA1CA15359F963A1F9 /* 82 */ = {
			isa = PBXGroup;
			children = (
				AFEFD7A97405DF894C21C042 /* d289c7180db9aeec49e6bdf261e0daabe8b528 */,
			);
			path = 82;
			sourceTree = "<group>";
		};
		6181DFE53C66C1F98B27B206 /* ViewModel */ = {
			isa = PBXGroup;
			children = (
				82510B707DF48095C3335E4A /* SessionViewModel.swift */,
			);
			path = ViewModel;
			sourceTree = "<group>";
		};
		646092CC1C4D15CA9146F42A /* cb */ = {
			isa = PBXGroup;
			children = (
				0208F1B1FD1F0B06A26D16A9 /* 2d8c913044b7b3a762889cca57452fa61be338 */,
			);
			path = cb;
			sourceTree = "<group>";
		};
		6A9F1C3B6267176F20AE4B03 = {
			isa = PBXGroup;
			children = (
				B0072057D7C0CE45F5C09143 /* .git */,
				FD48710B608BE6A57DA448D7 /* Cadence */,
				DC78C71E33D90A6831EDD46E /* Engine */,
				B82F54E8988C2A8AB132BECF /* Models */,
				8387BCE1B1E9230630BFFEBD /* Resources */,
				FDD48BE3DB6955642F62BE53 /* Store */,
				6181DFE53C66C1F98B27B206 /* ViewModel */,
				A674933E3B8ACD3095760938 /* Views */,
				ADFE63F9A7B11522B6C8E81A /* Products */,
			);
			sourceTree = "<group>";
		};
		6BEE7392DADBA6699B7A7EF7 /* 91 */ = {
			isa = PBXGroup;
			children = (
				6BD62D1707C943044C651912 /* 9434a6254f0e9651f402737811be6634a03e9c */,
			);
			path = 91;
			sourceTree = "<group>";
		};
		76734970BFB65B7A9F69CF4E /* b9 */ = {
			isa = PBXGroup;
			children = (
				1178F6A47E653928C267B3AA /* 3af487379743fac55d0a6ad324683c333f768c */,
			);
			path = b9;
			sourceTree = "<group>";
		};
		777154227A0D85D8749E7236 /* heads */ = {
			isa = PBXGroup;
			children = (
				5CA756BEF7FEB912CE7AF260 /* main */,
			);
			path = heads;
			sourceTree = "<group>";
		};
		7B637A0A70E50D515602596E /* refs */ = {
			isa = PBXGroup;
			children = (
				777154227A0D85D8749E7236 /* heads */,
				CA27B6EBD94B1F2A574EBC2A /* remotes */,
			);
			path = refs;
			sourceTree = "<group>";
		};
		8387BCE1B1E9230630BFFEBD /* Resources */ = {
			isa = PBXGroup;
			children = (
				1C2527191957E2BE6B8DC3A8 /* Localizable.strings */,
			);
			path = Resources;
			sourceTree = "<group>";
		};
		83E81449F6EE0462282BEB7B /* e8 */ = {
			isa = PBXGroup;
			children = (
				1A07ED0B0ECB69D73619B135 /* 5f3de620cf16e0b2d4926ff8e98e84cc29d233 */,
			);
			path = e8;
			sourceTree = "<group>";
		};
		84F4BB454D15FA0C58F1FE27 /* 73 */ = {
			isa = PBXGroup;
			children = (
				7FFC99570968EAC7413A6A03 /* 78ea62c8af4e5f5591ab486a97f21032327400 */,
				D4C11367A44F775E691C41B0 /* 4102d8f068e153f10290ad64d7556d0fc68807 */,
				2F3351CE024ABB97EC82C7D8 /* f5406f4b7104b61c6ad686a3943d3980533fd8 */,
			);
			path = 73;
			sourceTree = "<group>";
		};
		86C43E2A4DBC125CC14D027C /* a0 */ = {
			isa = PBXGroup;
			children = (
				4752D3C4A3BEED2AE1FAF557 /* c40869b39aa3990efc7af2134e47e2eaceb1e4 */,
				AB8AC4464AAE2FA1228D68AF /* e3467f1fe37897208927ce8cbb45c5609ba5b5 */,
			);
			path = a0;
			sourceTree = "<group>";
		};
		8D9B4C7B633EA04BF63FA247 /* origin */ = {
			isa = PBXGroup;
			children = (
				65C98BB03026E738A18E8D75 /* HEAD */,
				AE8EFC70B9D8517D12B8709A /* main */,
			);
			path = origin;
			sourceTree = "<group>";
		};
		924751E95ABAE34CE002B58C /* 6e */ = {
			isa = PBXGroup;
			children = (
				2E2A656B143D73C87A3FF15C /* 94a3bd0b14d0fd5f204d3be98b0df5986aad16 */,
			);
			path = 6e;
			sourceTree = "<group>";
		};
		929C89668D116926ED44027C /* 35 */ = {
			isa = PBXGroup;
			children = (
				4901DAB8C2B90D60B4B74B30 /* 718dcce93718ce3bb7b56660537bbb5ab2b02c */,
			);
			path = 35;
			sourceTree = "<group>";
		};
		92E01069329CF066945581D9 /* 80 */ = {
			isa = PBXGroup;
			children = (
				9D8A43A7185CCCE7BFE3B219 /* ed2523ef8b82103ed07db71ca15b00e6c6c2a3 */,
			);
			path = 80;
			sourceTree = "<group>";
		};
		940ACA238DB8E474362E2C72 /* f1 */ = {
			isa = PBXGroup;
			children = (
				17AD96E9222A97739358602D /* 7cbe56fb8af5c8ee314c13d00d27917b21cf34 */,
			);
			path = f1;
			sourceTree = "<group>";
		};
		94222573B5A8B9F5A8965476 /* 7b */ = {
			isa = PBXGroup;
			children = (
				E4BF1C1BE66FCC4950BED510 /* 763db8b589ccf82d1eccb7227d5ebac78a24be */,
			);
			path = 7b;
			sourceTree = "<group>";
		};
		9910E0D638CEDFAACDF20F82 /* 00 */ = {
			isa = PBXGroup;
			children = (
				B5862D34841435FB780B39DA /* 2d809d09ff2dd6a932c96e2dc168fa705b769a */,
			);
			path = 00;
			sourceTree = "<group>";
		};
		A0E3FF4EDD8E2CA511871C3A /* 4b */ = {
			isa = PBXGroup;
			children = (
				D07232FEFB7C397FD9AF3725 /* 72cd1f5f51dc17b910ab4c2051f7e489c1b18c */,
			);
			path = 4b;
			sourceTree = "<group>";
		};
		A34C585BC2F0659FBF78FF89 /* logs */ = {
			isa = PBXGroup;
			children = (
				24BEBEED47B5350BC997A48D /* HEAD */,
				7B637A0A70E50D515602596E /* refs */,
			);
			path = logs;
			sourceTree = "<group>";
		};
		A5ABC2647AE88DB2109E7572 /* 11 */ = {
			isa = PBXGroup;
			children = (
				327E7819106F4B19DC60CDA3 /* 0152bb9e74fe76ceaf5f7ae51e64602de8d3cd */,
			);
			path = 11;
			sourceTree = "<group>";
		};
		A65DE33405014DCE0E987501 /* hooks */ = {
			isa = PBXGroup;
			children = (
				864A54A24BB287DDCDEAFCA9 /* applypatch-msg.sample */,
				7CA025503120B7D560ADEAB8 /* commit-msg.sample */,
				F1E7CC49F1DB62993602AC34 /* fsmonitor-watchman.sample */,
				72B6516F46225FEA6AEAC0DE /* post-update.sample */,
				4B903792951CBF51E3D4D234 /* pre-applypatch.sample */,
				7293A6621A447673AC6EDECD /* pre-commit.sample */,
				510912CEF36E6A2138BDAC30 /* pre-merge-commit.sample */,
				40345AB9478A71CB05C6A292 /* pre-push.sample */,
				3D8B58A045B57739A4132D93 /* pre-rebase.sample */,
				B9B27077C6F35EC28DD9FA8A /* pre-receive.sample */,
				3C45CF9B0CEC691F7E34CDF7 /* prepare-commit-msg.sample */,
				6EB1B07F8A0935ACD8A0076C /* push-to-checkout.sample */,
				914322FD262423FADBE41DAA /* sendemail-validate.sample */,
				A0ED9FEDF7F8ECFC06590339 /* update.sample */,
			);
			path = hooks;
			sourceTree = "<group>";
		};
		A674933E3B8ACD3095760938 /* Views */ = {
			isa = PBXGroup;
			children = (
				74874D03F19EC7A003B89AAE /* ModeTabsView.swift */,
				40F7AA4F6B1974D34A20C669 /* PopoverView.swift */,
				E5C1D1E0AC922AFBD3B1A932 /* TimerRingView.swift */,
			);
			path = Views;
			sourceTree = "<group>";
		};
		A6B1C44B1BD9C424098108A9 /* 3b */ = {
			isa = PBXGroup;
			children = (
				199BA24D32B3A836B8E08E65 /* 882f781a5fd4e635b2f6ecd7c487c4d65dd676 */,
			);
			path = 3b;
			sourceTree = "<group>";
		};
		A8F94A7883BD27348383F220 /* 1e */ = {
			isa = PBXGroup;
			children = (
				59B03E49303A06B3CFCB9590 /* 6d30fafcf1e7748adedbdddb0433b430d647a5 */,
			);
			path = 1e;
			sourceTree = "<group>";
		};
		AB019FF2C33188FB45BC6369 /* be */ = {
			isa = PBXGroup;
			children = (
				EE986C34FF007340B3EF5262 /* 744fe22c879ba3841baccab9f5ebe13f4ddd73 */,
			);
			path = be;
			sourceTree = "<group>";
		};
		ADFE63F9A7B11522B6C8E81A /* Products */ = {
			isa = PBXGroup;
			children = (
				2747B5C0BD75EFECA1D2569B /* Cadence.app */,
			);
			name = Products;
			sourceTree = "<group>";
		};
		B0072057D7C0CE45F5C09143 /* .git */ = {
			isa = PBXGroup;
			children = (
				41AB1948D5C303E4C72317E9 /* COMMIT_EDITMSG */,
				754597631B492C45F9C407AE /* config */,
				5547110006E375EE0647C6B3 /* description */,
				7EDF7CF65ED8A3454E5A99A1 /* FETCH_HEAD */,
				DA11D3B5F85CE5939B712C7F /* HEAD */,
				BDA3C8409836EF5CCCB34E29 /* index */,
				BB5474A27912C91AA3DFEE5E /* gk */,
				A65DE33405014DCE0E987501 /* hooks */,
				32EE4AD6BFCD2EEAF5163A50 /* info */,
				A34C585BC2F0659FBF78FF89 /* logs */,
				EC3346A28B22658AFE45F5FB /* objects */,
				CF8DFBAE726DB88F088B7B82 /* refs */,
			);
			path = .git;
			sourceTree = "<group>";
		};
		B038C478D068A4ED08D9CFBE /* origin */ = {
			isa = PBXGroup;
			children = (
				85F37D0760D37CC320B8887B /* HEAD */,
				0610F45F7F85469333E4F9AD /* main */,
			);
			path = origin;
			sourceTree = "<group>";
		};
		B4825B629CC573FBFAC55F77 /* 9b */ = {
			isa = PBXGroup;
			children = (
				67C2E90D30C8D0B54830E03A /* 7a8b796ec71462042b949bdbe4162f074c0c2b */,
				AE64354A244BDA77C68DE507 /* 17ada8ebd06060e2b165a9b550afcfe93b2413 */,
			);
			path = 9b;
			sourceTree = "<group>";
		};
		B5A073EB8FB3B021861C35A3 /* 7c */ = {
			isa = PBXGroup;
			children = (
				9B8E84C82F0491895EBAAB1F /* d62476a8955d7c20160b23fcd87e53cf6826c5 */,
			);
			path = 7c;
			sourceTree = "<group>";
		};
		B82F54E8988C2A8AB132BECF /* Models */ = {
			isa = PBXGroup;
			children = (
				B7BD3F57CF5B1F7BA97397DF /* Session.swift */,
				C59E9BE5100300D5DCDCEDFD /* SessionMode.swift */,
			);
			path = Models;
			sourceTree = "<group>";
		};
		B8BE1439A8F0EA872E108F66 /* 8f */ = {
			isa = PBXGroup;
			children = (
				826DA8B500CD25678CE8F0EB /* 7cca1baa223e96fd128aa12e766a03d2386701 */,
				E3E9DFEE2B72CDC53C79AB5D /* 76b5216701e609311240472bef10d1460c281c */,
			);
			path = 8f;
			sourceTree = "<group>";
		};
		BB5474A27912C91AA3DFEE5E /* gk */ = {
			isa = PBXGroup;
			children = (
				FCDEB0DC50A252CCD659F83D /* config */,
			);
			path = gk;
			sourceTree = "<group>";
		};
		BBF4E8E9A18D60DEE45DFE29 /* af */ = {
			isa = PBXGroup;
			children = (
				C66C1DE30C21E9B0BEC668C6 /* d00cda8f40aba7cbe8c6f5ed4f4a474d0f4553 */,
			);
			path = af;
			sourceTree = "<group>";
		};
		BD83AC870755BA42A71AF228 /* 8c */ = {
			isa = PBXGroup;
			children = (
				12B6A59C8F10111D0FF50B3F /* 4260e9fa1ad865f9d9fa483e92f21df72ba1d8 */,
			);
			path = 8c;
			sourceTree = "<group>";
		};
		BE9D2D762C303C55CA08A88E /* remotes */ = {
			isa = PBXGroup;
			children = (
				8D9B4C7B633EA04BF63FA247 /* origin */,
			);
			path = remotes;
			sourceTree = "<group>";
		};
		BFE452FED01DBFE1840B3CB8 /* 2a */ = {
			isa = PBXGroup;
			children = (
				007ABFBC0783F20545D2440C /* 9d88459fed58305528237da384f5695b252de6 */,
			);
			path = 2a;
			sourceTree = "<group>";
		};
		C2F39B4F15DD49A2D13E1E34 /* 1f */ = {
			isa = PBXGroup;
			children = (
				73CDF29300ACC0E6F9E455CF /* f15c40616d8b018e2fc26ed4bcc691dbfe752e */,
			);
			path = 1f;
			sourceTree = "<group>";
		};
		CA27B6EBD94B1F2A574EBC2A /* remotes */ = {
			isa = PBXGroup;
			children = (
				B038C478D068A4ED08D9CFBE /* origin */,
			);
			path = remotes;
			sourceTree = "<group>";
		};
		CF8DFBAE726DB88F088B7B82 /* refs */ = {
			isa = PBXGroup;
			children = (
				3ECD46C3969149D61077D637 /* heads */,
				BE9D2D762C303C55CA08A88E /* remotes */,
			);
			path = refs;
			sourceTree = "<group>";
		};
		D345DD6C15C734CFFD8D6EB8 /* bb */ = {
			isa = PBXGroup;
			children = (
				52500988E320BD277F75AE26 /* 28bc00e6dbc885dc9c7f6e0f128c59118de54e */,
			);
			path = bb;
			sourceTree = "<group>";
		};
		D5D66269F1AEB2FD0BD1170E /* d9 */ = {
			isa = PBXGroup;
			children = (
				AC208436BFF4194786F8296E /* c19cc17a1d6452956495c8f392c3673f08a9eb */,
			);
			path = d9;
			sourceTree = "<group>";
		};
		D7C914F6AEBEEDDD794F6690 /* 33 */ = {
			isa = PBXGroup;
			children = (
				E16D041DE98E608E066422EB /* 1722a1cb514d137ececaf1104816f809d171fb */,
			);
			path = 33;
			sourceTree = "<group>";
		};
		D981A31BD903D601EC55F1C0 /* df */ = {
			isa = PBXGroup;
			children = (
				616AF57A8A45DFB5D29733B0 /* e0770424b2a19faf507a501ebfc23be8f54e7b */,
			);
			path = df;
			sourceTree = "<group>";
		};
		DBD3ECA1B002E316F1DA72B2 /* 04 */ = {
			isa = PBXGroup;
			children = (
				F9F8796E9548B9C9F2E255D6 /* a1bfb8147ebc60ea8da36a80a1739962a1a640 */,
			);
			path = 04;
			sourceTree = "<group>";
		};
		DC78C71E33D90A6831EDD46E /* Engine */ = {
			isa = PBXGroup;
			children = (
				E731B9DE1A18FBE095B668F5 /* TimerEngine.swift */,
			);
			path = Engine;
			sourceTree = "<group>";
		};
		DD4616A22D8AADB9B925E092 /* ea */ = {
			isa = PBXGroup;
			children = (
				E4F0D54CCE5C1D570FF62CD6 /* 15aaf031fc4af1eecac407b50e1c325b2f2fe4 */,
				C52EB66D3CA63A8C7752832D /* 8331aca375f20bd189427fe0d33161a43dd0bb */,
			);
			path = ea;
			sourceTree = "<group>";
		};
		DEE4E4AC9110EC8B91CE81BD /* Cadence */ = {
			isa = PBXGroup;
			children = (
				668FD13920832E0EBB726C55 /* .gitattributes */,
				E7A6F1157E0F7361C1F3BCCB /* AppDelegate.swift */,
				E2D3B367B511252D75B1DDC1 /* CadenceApp.swift */,
				B0072057D7C0CE45F5C09143 /* .git */,
				DC78C71E33D90A6831EDD46E /* Engine */,
				B82F54E8988C2A8AB132BECF /* Models */,
				8387BCE1B1E9230630BFFEBD /* Resources */,
				FDD48BE3DB6955642F62BE53 /* Store */,
				6181DFE53C66C1F98B27B206 /* ViewModel */,
				A674933E3B8ACD3095760938 /* Views */,
			);
			name = Cadence;
			path = .;
			sourceTree = "<group>";
		};
		E2716B5725422B9AA0144102 /* 4c */ = {
			isa = PBXGroup;
			children = (
				37E7E17968F8C5556C279E72 /* f6615dd6cdc95d0ea85448cd20f0fa3d1d55fa */,
			);
			path = 4c;
			sourceTree = "<group>";
		};
		E2EF0D26FDF4D57BE0B85404 /* ae */ = {
			isa = PBXGroup;
			children = (
				775F074F1E60D9FCE24611AE /* daf2677b84785723fa4a3ca5451bb0a5b31d0d */,
			);
			path = ae;
			sourceTree = "<group>";
		};
		E6A6C6B1F9697976DC163FEE /* fc */ = {
			isa = PBXGroup;
			children = (
				D3FC0215C74E586721AB6B10 /* c577ef51a50e2966a211278600165c1de43dad */,
				3954F77E4315ED03E8830EFD /* db87899dccf2a4eebf7194fd2776a15670cd89 */,
			);
			path = fc;
			sourceTree = "<group>";
		};
		EC3346A28B22658AFE45F5FB /* objects */ = {
			isa = PBXGroup;
			children = (
				9910E0D638CEDFAACDF20F82 /* 00 */,
				0F17189B85C4C9B170466BB0 /* 0e */,
				A8F94A7883BD27348383F220 /* 1e */,
				C2F39B4F15DD49A2D13E1E34 /* 1f */,
				BFE452FED01DBFE1840B3CB8 /* 2a */,
				A6B1C44B1BD9C424098108A9 /* 3b */,
				DBD3ECA1B002E316F1DA72B2 /* 04 */,
				A0E3FF4EDD8E2CA511871C3A /* 4b */,
				E2716B5725422B9AA0144102 /* 4c */,
				59C9447C1E80D8C9AC466C3D /* 5b */,
				924751E95ABAE34CE002B58C /* 6e */,
				94222573B5A8B9F5A8965476 /* 7b */,
				B5A073EB8FB3B021861C35A3 /* 7c */,
				BD83AC870755BA42A71AF228 /* 8c */,
				4DCF0AE8ACD9EA92FF7134F3 /* 8e */,
				B8BE1439A8F0EA872E108F66 /* 8f */,
				B4825B629CC573FBFAC55F77 /* 9b */,
				A5ABC2647AE88DB2109E7572 /* 11 */,
				21BCC67754C2EC6BFDA183B6 /* 15 */,
				37AF9AF278D41EEEB015D9AA /* 20 */,
				039EE9C88F6D29C7AEAAB3A9 /* 21 */,
				0158F5072A0C7FF024F3DC24 /* 24 */,
				D7C914F6AEBEEDDD794F6690 /* 33 */,
				929C89668D116926ED44027C /* 35 */,
				3163CDBA5277ADA6A6D7E3B3 /* 52 */,
				11029AA4A31CE7ABDCD2DDF5 /* 68 */,
				84F4BB454D15FA0C58F1FE27 /* 73 */,
				434B0E983721666AFC0C8020 /* 75 */,
				92E01069329CF066945581D9 /* 80 */,
				5B2B20DA1CA15359F963A1F9 /* 82 */,
				6BEE7392DADBA6699B7A7EF7 /* 91 */,
				86C43E2A4DBC125CC14D027C /* a0 */,
				E2EF0D26FDF4D57BE0B85404 /* ae */,
				BBF4E8E9A18D60DEE45DFE29 /* af */,
				ED90AF7F896B215A6C08FB27 /* b7 */,
				76734970BFB65B7A9F69CF4E /* b9 */,
				D345DD6C15C734CFFD8D6EB8 /* bb */,
				52130F6734CFFC6D08201D28 /* bc */,
				AB019FF2C33188FB45BC6369 /* be */,
				22713CD81D0654D54117D1E2 /* c8 */,
				646092CC1C4D15CA9146F42A /* cb */,
				0FDAE9B551F17E0D55CCDCFD /* cd */,
				55A52ED615F10431868563C1 /* d3 */,
				D5D66269F1AEB2FD0BD1170E /* d9 */,
				D981A31BD903D601EC55F1C0 /* df */,
				83E81449F6EE0462282BEB7B /* e8 */,
				DD4616A22D8AADB9B925E092 /* ea */,
				940ACA238DB8E474362E2C72 /* f1 */,
				4A194E328638F79FAEEE2EE2 /* f3 */,
				FB7E3FD033A481E1F80875DA /* fb */,
				E6A6C6B1F9697976DC163FEE /* fc */,
			);
			path = objects;
			sourceTree = "<group>";
		};
		ED90AF7F896B215A6C08FB27 /* b7 */ = {
			isa = PBXGroup;
			children = (
				62850D436CBEBE785F2C3C32 /* 8d81296cd99df94e833896a3471a91f370c4e9 */,
			);
			path = b7;
			sourceTree = "<group>";
		};
		FB7E3FD033A481E1F80875DA /* fb */ = {
			isa = PBXGroup;
			children = (
				B7152844D6739D651445F2A5 /* 969fd97273cdfe7c5f0b6b5e29017a0d2ff44d */,
			);
			path = fb;
			sourceTree = "<group>";
		};
		FD48710B608BE6A57DA448D7 /* Cadence */ = {
			isa = PBXGroup;
			children = (
				DEE4E4AC9110EC8B91CE81BD /* Cadence */,
			);
			name = Cadence;
			sourceTree = "<group>";
		};
		FDD48BE3DB6955642F62BE53 /* Store */ = {
			isa = PBXGroup;
			children = (
				262C3BD5D70741E77DF213B3 /* DayStore.swift */,
			);
			path = Store;
			sourceTree = "<group>";
		};
/* End PBXGroup section */

/* Begin PBXNativeTarget section */
		1D9D0CF3C214130166213D80 /* Cadence */ = {
			isa = PBXNativeTarget;
			buildConfigurationList = 07126B28B5B904C139BBD128 /* Build configuration list for PBXNativeTarget "Cadence" */;
			buildPhases = (
				1F5350DE3B53E65CAAF89D1D /* Sources */,
				BFA5A0EE784FE6F59E5E0293 /* Resources */,
			);
			buildRules = (
			);
			dependencies = (
			);
			name = Cadence;
			packageProductDependencies = (
			);
			productName = Cadence;
			productReference = 2747B5C0BD75EFECA1D2569B /* Cadence.app */;
			productType = "com.apple.product-type.application";
		};
/* End PBXNativeTarget section */

/* Begin PBXProject section */
		9FA114BF81E88A4D01B65D31 /* Project object */ = {
			isa = PBXProject;
			attributes = {
				BuildIndependentTargetsInParallel = YES;
				LastUpgradeCheck = 1600;
				TargetAttributes = {
					1D9D0CF3C214130166213D80 = {
						ProvisioningStyle = Automatic;
					};
				};
			};
			buildConfigurationList = 6735F591880E2DF1BC393107 /* Build configuration list for PBXProject "Cadence" */;
			developmentRegion = en;
			hasScannedForEncodings = 0;
			knownRegions = (
				Base,
				en,
				es,
			);
			mainGroup = 6A9F1C3B6267176F20AE4B03;
			minimizedProjectReferenceProxies = 1;
			preferredProjectObjectVersion = 77;
			productRefGroup = ADFE63F9A7B11522B6C8E81A /* Products */;
			projectDirPath = "";
			projectRoot = "";
			targets = (
				1D9D0CF3C214130166213D80 /* Cadence */,
			);
		};
/* End PBXProject section */

/* Begin PBXResourcesBuildPhase section */
		BFA5A0EE784FE6F59E5E0293 /* Resources */ = {
			isa = PBXResourcesBuildPhase;
			buildActionMask = 2147483647;
			files = (
				8EA3E50C8B9A32440E095D9C /* Localizable.strings in Resources */,
				1D7CCED886A5701556B5E7E1 /* applypatch-msg.sample in Resources */,
				0B5325574CE4E2973C2EDAC3 /* commit-msg.sample in Resources */,
				E035AABD91B816C4C7342E19 /* fsmonitor-watchman.sample in Resources */,
				E49943CD736F2931BB5339B2 /* post-update.sample in Resources */,
				A6FF84D8B56C767EE8C394B6 /* pre-applypatch.sample in Resources */,
				E1FCF86EBAF4FE79F1231FDE /* pre-commit.sample in Resources */,
				3FDB8E5C1DA4BD05234B5387 /* pre-merge-commit.sample in Resources */,
				E2ED4E8916E5ECD3246DEE38 /* pre-push.sample in Resources */,
				4D504EE7448BD02893F63169 /* pre-rebase.sample in Resources */,
				1B8850B8E8B53F3D04FD98DD /* pre-receive.sample in Resources */,
				C302A991ABFA43364A8F8E96 /* prepare-commit-msg.sample in Resources */,
				B676160D7C8E8A69988F65E5 /* push-to-checkout.sample in Resources */,
				147D274BC6854B284114A7DD /* sendemail-validate.sample in Resources */,
				CF653B5E7830B475663203F5 /* update.sample in Resources */,
			);
			runOnlyForDeploymentPostprocessing = 0;
		};
/* End PBXResourcesBuildPhase section */

/* Begin PBXSourcesBuildPhase section */
		1F5350DE3B53E65CAAF89D1D /* Sources */ = {
			isa = PBXSourcesBuildPhase;
			buildActionMask = 2147483647;
			files = (
				E3985129D7164885131F3690 /* AppDelegate.swift in Sources */,
				2475DB13CD30849BFC73A1F8 /* CadenceApp.swift in Sources */,
				BDA19FE725E768D70F730DC9 /* DayStore.swift in Sources */,
				5CF6538E0B9CA91F900E2D38 /* ModeTabsView.swift in Sources */,
				7EC07B5052D2D733265ECCC0 /* PopoverView.swift in Sources */,
				3F68D866C2FB352928F202FD /* Session.swift in Sources */,
				E664395FB7B40DC64707E18F /* SessionMode.swift in Sources */,
				D944F47BFEF15AE51FF2BCE4 /* SessionViewModel.swift in Sources */,
				534CC3AA3E02A6ECB4A0736F /* TimerEngine.swift in Sources */,
				45AEF289B8435D45E1F6AEE2 /* TimerRingView.swift in Sources */,
			);
			runOnlyForDeploymentPostprocessing = 0;
		};
/* End PBXSourcesBuildPhase section */

/* Begin PBXVariantGroup section */
		1C2527191957E2BE6B8DC3A8 /* Localizable.strings */ = {
			isa = PBXVariantGroup;
			children = (
				D56815549B3F7794667CA223 /* en */,
				6A337584EBAB7FDB884BEF00 /* es */,
			);
			name = Localizable.strings;
			sourceTree = "<group>";
		};
/* End PBXVariantGroup section */

/* Begin XCBuildConfiguration section */
		0AC6D37A18265C6868E862C8 /* Debug */ = {
			isa = XCBuildConfiguration;
			buildSettings = {
				ASSETCATALOG_COMPILER_APPICON_NAME = AppIcon;
				CODE_SIGN_STYLE = Automatic;
				COMBINE_HIDPI_IMAGES = YES;
				CURRENT_PROJECT_VERSION = 1;
				GENERATE_INFOPLIST_FILE = YES;
				INFOPLIST_KEY_LSUIElement = YES;
				INFOPLIST_KEY_NSHighResolutionCapable = YES;
				LD_RUNPATH_SEARCH_PATHS = (
					"$(inherited)",
					"@executable_path/../Frameworks",
				);
				MACOSX_DEPLOYMENT_TARGET = 13.0;
				MARKETING_VERSION = 1.0.0;
				PRODUCT_BUNDLE_IDENTIFIER = com.cadence.app;
				PRODUCT_NAME = Cadence;
				SDKROOT = macosx;
				SWIFT_VERSION = 5.9;
			};
			name = Debug;
		};
		66FA57B5F57FFDBD1C1E8963 /* Release */ = {
			isa = XCBuildConfiguration;
			buildSettings = {
				ASSETCATALOG_COMPILER_APPICON_NAME = AppIcon;
				CODE_SIGN_STYLE = Automatic;
				COMBINE_HIDPI_IMAGES = YES;
				CURRENT_PROJECT_VERSION = 1;
				GENERATE_INFOPLIST_FILE = YES;
				INFOPLIST_KEY_LSUIElement = YES;
				INFOPLIST_KEY_NSHighResolutionCapable = YES;
				LD_RUNPATH_SEARCH_PATHS = (
					"$(inherited)",
					"@executable_path/../Frameworks",
				);
				MACOSX_DEPLOYMENT_TARGET = 13.0;
				MARKETING_VERSION = 1.0.0;
				PRODUCT_BUNDLE_IDENTIFIER = com.cadence.app;
				PRODUCT_NAME = Cadence;
				SDKROOT = macosx;
				SWIFT_VERSION = 5.9;
			};
			name = Release;
		};
		9DBE9E0079A7DB194A03BF0C /* Release */ = {
			isa = XCBuildConfiguration;
			buildSettings = {
				ALWAYS_SEARCH_USER_PATHS = NO;
				CLANG_ANALYZER_NONNULL = YES;
				CLANG_ANALYZER_NUMBER_OBJECT_CONVERSION = YES_AGGRESSIVE;
				CLANG_CXX_LANGUAGE_STANDARD = "gnu++14";
				CLANG_CXX_LIBRARY = "libc++";
				CLANG_ENABLE_MODULES = YES;
				CLANG_ENABLE_OBJC_ARC = YES;
				CLANG_ENABLE_OBJC_WEAK = YES;
				CLANG_WARN_BLOCK_CAPTURE_AUTORELEASING = YES;
				CLANG_WARN_BOOL_CONVERSION = YES;
				CLANG_WARN_COMMA = YES;
				CLANG_WARN_CONSTANT_CONVERSION = YES;
				CLANG_WARN_DEPRECATED_OBJC_IMPLEMENTATIONS = YES;
				CLANG_WARN_DIRECT_OBJC_ISA_USAGE = YES_ERROR;
				CLANG_WARN_DOCUMENTATION_COMMENTS = YES;
				CLANG_WARN_EMPTY_BODY = YES;
				CLANG_WARN_ENUM_CONVERSION = YES;
				CLANG_WARN_INFINITE_RECURSION = YES;
				CLANG_WARN_INT_CONVERSION = YES;
				CLANG_WARN_NON_LITERAL_NULL_CONVERSION = YES;
				CLANG_WARN_OBJC_IMPLICIT_RETAIN_SELF = YES;
				CLANG_WARN_OBJC_LITERAL_CONVERSION = YES;
				CLANG_WARN_OBJC_ROOT_CLASS = YES_ERROR;
				CLANG_WARN_QUOTED_INCLUDE_IN_FRAMEWORK_HEADER = YES;
				CLANG_WARN_RANGE_LOOP_ANALYSIS = YES;
				CLANG_WARN_STRICT_PROTOTYPES = YES;
				CLANG_WARN_SUSPICIOUS_MOVE = YES;
				CLANG_WARN_UNGUARDED_AVAILABILITY = YES_AGGRESSIVE;
				CLANG_WARN_UNREACHABLE_CODE = YES;
				CLANG_WARN__DUPLICATE_METHOD_MATCH = YES;
				COPY_PHASE_STRIP = NO;
				DEBUG_INFORMATION_FORMAT = "dwarf-with-dsym";
				ENABLE_NS_ASSERTIONS = NO;
				ENABLE_STRICT_OBJC_MSGSEND = YES;
				GCC_C_LANGUAGE_STANDARD = gnu11;
				GCC_NO_COMMON_BLOCKS = YES;
				GCC_WARN_64_TO_32_BIT_CONVERSION = YES;
				GCC_WARN_ABOUT_RETURN_TYPE = YES_ERROR;
				GCC_WARN_UNDECLARED_SELECTOR = YES;
				GCC_WARN_UNINITIALIZED_AUTOS = YES_AGGRESSIVE;
				GCC_WARN_UNUSED_FUNCTION = YES;
				GCC_WARN_UNUSED_VARIABLE = YES;
				MACOSX_DEPLOYMENT_TARGET = 13.0;
				MTL_ENABLE_DEBUG_INFO = NO;
				MTL_FAST_MATH = YES;
				PRODUCT_NAME = "$(TARGET_NAME)";
				SDKROOT = macosx;
				SWIFT_COMPILATION_MODE = wholemodule;
				SWIFT_OPTIMIZATION_LEVEL = "-O";
				SWIFT_VERSION = 5.0;
			};
			name = Release;
		};
		C78721ED836CA881972A504D /* Debug */ = {
			isa = XCBuildConfiguration;
			buildSettings = {
				ALWAYS_SEARCH_USER_PATHS = NO;
				CLANG_ANALYZER_NONNULL = YES;
				CLANG_ANALYZER_NUMBER_OBJECT_CONVERSION = YES_AGGRESSIVE;
				CLANG_CXX_LANGUAGE_STANDARD = "gnu++14";
				CLANG_CXX_LIBRARY = "libc++";
				CLANG_ENABLE_MODULES = YES;
				CLANG_ENABLE_OBJC_ARC = YES;
				CLANG_ENABLE_OBJC_WEAK = YES;
				CLANG_WARN_BLOCK_CAPTURE_AUTORELEASING = YES;
				CLANG_WARN_BOOL_CONVERSION = YES;
				CLANG_WARN_COMMA = YES;
				CLANG_WARN_CONSTANT_CONVERSION = YES;
				CLANG_WARN_DEPRECATED_OBJC_IMPLEMENTATIONS = YES;
				CLANG_WARN_DIRECT_OBJC_ISA_USAGE = YES_ERROR;
				CLANG_WARN_DOCUMENTATION_COMMENTS = YES;
				CLANG_WARN_EMPTY_BODY = YES;
				CLANG_WARN_ENUM_CONVERSION = YES;
				CLANG_WARN_INFINITE_RECURSION = YES;
				CLANG_WARN_INT_CONVERSION = YES;
				CLANG_WARN_NON_LITERAL_NULL_CONVERSION = YES;
				CLANG_WARN_OBJC_IMPLICIT_RETAIN_SELF = YES;
				CLANG_WARN_OBJC_LITERAL_CONVERSION = YES;
				CLANG_WARN_OBJC_ROOT_CLASS = YES_ERROR;
				CLANG_WARN_QUOTED_INCLUDE_IN_FRAMEWORK_HEADER = YES;
				CLANG_WARN_RANGE_LOOP_ANALYSIS = YES;
				CLANG_WARN_STRICT_PROTOTYPES = YES;
				CLANG_WARN_SUSPICIOUS_MOVE = YES;
				CLANG_WARN_UNGUARDED_AVAILABILITY = YES_AGGRESSIVE;
				CLANG_WARN_UNREACHABLE_CODE = YES;
				CLANG_WARN__DUPLICATE_METHOD_MATCH = YES;
				COPY_PHASE_STRIP = NO;
				DEBUG_INFORMATION_FORMAT = dwarf;
				ENABLE_STRICT_OBJC_MSGSEND = YES;
				ENABLE_TESTABILITY = YES;
				GCC_C_LANGUAGE_STANDARD = gnu11;
				GCC_DYNAMIC_NO_PIC = NO;
				GCC_NO_COMMON_BLOCKS = YES;
				GCC_OPTIMIZATION_LEVEL = 0;
				GCC_PREPROCESSOR_DEFINITIONS = (
					"$(inherited)",
					"DEBUG=1",
				);
				GCC_WARN_64_TO_32_BIT_CONVERSION = YES;
				GCC_WARN_ABOUT_RETURN_TYPE = YES_ERROR;
				GCC_WARN_UNDECLARED_SELECTOR = YES;
				GCC_WARN_UNINITIALIZED_AUTOS = YES_AGGRESSIVE;
				GCC_WARN_UNUSED_FUNCTION = YES;
				GCC_WARN_UNUSED_VARIABLE = YES;
				MACOSX_DEPLOYMENT_TARGET = 13.0;
				MTL_ENABLE_DEBUG_INFO = INCLUDE_SOURCE;
				MTL_FAST_MATH = YES;
				ONLY_ACTIVE_ARCH = YES;
				PRODUCT_NAME = "$(TARGET_NAME)";
				SDKROOT = macosx;
				SWIFT_ACTIVE_COMPILATION_CONDITIONS = DEBUG;
				SWIFT_OPTIMIZATION_LEVEL = "-Onone";
				SWIFT_VERSION = 5.0;
			};
			name = Debug;
		};
/* End XCBuildConfiguration section */

/* Begin XCConfigurationList section */
		07126B28B5B904C139BBD128 /* Build configuration list for PBXNativeTarget "Cadence" */ = {
			isa = XCConfigurationList;
			buildConfigurations = (
				0AC6D37A18265C6868E862C8 /* Debug */,
				66FA57B5F57FFDBD1C1E8963 /* Release */,
			);
			defaultConfigurationIsVisible = 0;
			defaultConfigurationName = Debug;
		};
		6735F591880E2DF1BC393107 /* Build configuration list for PBXProject "Cadence" */ = {
			isa = XCConfigurationList;
			buildConfigurations = (
				C78721ED836CA881972A504D /* Debug */,
				9DBE9E0079A7DB194A03BF0C /* Release */,
			);
			defaultConfigurationIsVisible = 0;
			defaultConfigurationName = Debug;
		};
/* End XCConfigurationList section */
	};
	rootObject = 9FA114BF81E88A4D01B65D31 /* Project object */;
}
